
Microsoft Visual Studio Solution File, Format Version 12.00
# Visual Studio Version 17
VisualStudioVersion = 17.8.34525.116
MinimumVisualStudioVersion = 10.0.40219.1
Project("{FAE04EC0-301F-11D3-BF4B-00C04F79EFBC}") = "Multiplos", "Multiplos\Multiplos.csproj", "{1B26E560-591A-401F-A007-AC3C5ED7FA50}"
EndProject
Global
	GlobalSection(SolutionConfigurationPlatforms) = preSolution
		Debug|Any CPU = Debug|Any CPU
		Release|Any CPU = Release|Any CPU
	EndGlobalSection
	GlobalSection(ProjectConfigurationPlatforms) = postSolution
		{1B26E560-591A-401F-A007-AC3C5ED7FA50}.Debug|Any CPU.ActiveCfg = Debug|Any CPU
		{1B26E560-591A-401F-A007-AC3C5ED7FA50}.Debug|Any CPU.Build.0 = Debug|Any CPU
		{1B26E560-591A-401F-A007-AC3C5ED7FA50}.Release|Any CPU.ActiveCfg = Release|Any CPU
		{1B26E560-591A-401F-A007-AC3C5ED7FA50}.Release|Any CPU.Build.0 = Release|Any CPU
	EndGlobalSection
	GlobalSection(SolutionProperties) = preSolution
		HideSolutionNode = FALSE
	EndGlobalSection
	GlobalSection(ExtensibilityGlobals) = postSolution
		SolutionGuid = {C9199D84-2248-4EEC-850A-F30FAC97D8FE}
	EndGlobalSection
EndGlobal
